
Microsoft Visual Studio Solution File, Format Version 12.00
# Visual Studio Version 16
VisualStudioVersion = 16.0.30406.217
MinimumVisualStudioVersion = 10.0.40219.1
Project("{FAE04EC0-301F-11D3-BF4B-00C04F79EFBC}") = "JenkinsTestApp", "JenkinsTestApp\JenkinsTestApp.csproj", "{80F957D1-9811-4E4F-846C-D03D768D3CCE}"
EndProject
Global
	GlobalSection(SolutionConfigurationPlatforms) = preSolution
		Debug|Any CPU = Debug|Any CPU
		Release|Any CPU = Release|Any CPU
	EndGlobalSection
	GlobalSection(ProjectConfigurationPlatforms) = postSolution
		{80F957D1-9811-4E4F-846C-D03D768D3CCE}.Debug|Any CPU.ActiveCfg = Debug|Any CPU
		{80F957D1-9811-4E4F-846C-D03D768D3CCE}.Debug|Any CPU.Build.0 = Debug|Any CPU
		{80F957D1-9811-4E4F-846C-D03D768D3CCE}.Release|Any CPU.ActiveCfg = Release|Any CPU
		{80F957D1-9811-4E4F-846C-D03D768D3CCE}.Release|Any CPU.Build.0 = Release|Any CPU
	EndGlobalSection
	GlobalSection(SolutionProperties) = preSolution
		HideSolutionNode = FALSE
	EndGlobalSection
	GlobalSection(ExtensibilityGlobals) = postSolution
		SolutionGuid = {479D64E9-9EF8-4372-A0DB-3A871BC50632}
	EndGlobalSection
EndGlobal
